{
  "name": "chat-encryption",
  "version": "1.0.0",
  "lockfileVersion": 3,
  "requires": true,
  "packages": {
    "": {
      "name": "chat-encryption",
      "version": "1.0.0",
      "license": "MIT",
      "dependencies": {
        "@signalapp/libsignal-client": "^0.45.0"
      }
    },
    "node_modules/@signalapp/libsignal-client": {
      "version": "0.45.1",
      "resolved": "https://registry.npmjs.org/@signalapp/libsignal-client/-/libsignal-client-0.45.1.tgz",
      "integrity": "sha512-jKNGLD8QQkLEopX7Fb5XG7LlIe559TgqfC1UCgUV9YW4pPpvM+RPbW4ndL1v8WO/Toff4nVXJXJV6kzYiK2lDA==",
      "hasInstallScript": true,
      "license": "AGPL-3.0-only",
      "dependencies": {
        "node-gyp-build": "^4.2.3",
        "type-fest": "^3.5.0",
        "uuid": "^8.3.0"
      }
    },
    "node_modules/node-gyp-build": {
      "version": "4.8.4",
      "resolved": "https://registry.npmjs.org/node-gyp-build/-/node-gyp-build-4.8.4.tgz",
      "integrity": "sha512-LA4ZjwlnUblHVgq0oBF3Jl/6h/Nvs5fzBLwdEF4nuxnFdsfajde4WfxtJr3CaiH+F6ewcIB/q4jQ4UzPyid+CQ==",
      "license": "MIT",
      "bin": {
        "node-gyp-build": "bin.js",
        "node-gyp-build-optional": "optional.js",
        "node-gyp-build-test": "build-test.js"
      }
    },
    "node_modules/type-fest": {
      "version": "3.13.1",
      "resolved": "https://registry.npmjs.org/type-fest/-/type-fest-3.13.1.tgz",
      "integrity": "sha512-tLq3bSNx+xSpwvAJnzrK0Ep5CLNWjvFTOp71URMaAEWBfRb9nnJiBoUe0tF8bI4ZFO3omgBR6NvnbzVUT3Ly4g==",
      "license": "(MIT OR CC0-1.0)",
      "engines": {
        "node": ">=14.16"
      },
      "funding": {
        "url": "https://github.com/sponsors/sindresorhus"
      }
    },
    "node_modules/uuid": {
      "version": "8.3.2",
      "resolved": "https://registry.npmjs.org/uuid/-/uuid-8.3.2.tgz",
      "integrity": "sha512-+NYs2QeMWy+GWFOEm9xnn6HCDp0l7QBD7ml8zLUmJ+93Q5NF0NocErnwkTkXVFNiX3/fpC6afS8Dhb/gz7R7eg==",
      "license": "MIT",
      "bin": {
        "uuid": "dist/bin/uuid"
      }
    }
  }
}
